// !$*UTF8*$!
{
	archiveVersion = 1;
	classes = {
	};
	objectVersion = 46;
	objects = {

/* Begin PBXBuildFile section */
		841473171D521426002F313A /* AppDelegate.swift in Sources */ = {isa = PBXBuildFile; fileRef = 841473161D521426002F313A /* AppDelegate.swift */; };
		841473191D521426002F313A /* ViewController.swift in Sources */ = {isa = PBXBuildFile; fileRef = 841473181D521426002F313A /* ViewController.swift */; };
		8414731C1D521426002F313A /* Main.storyboard in Resources */ = {isa = PBXBuildFile; fileRef = 8414731A1D521426002F313A /* Main.storyboard */; };
		8414731E1D521426002F313A /* Assets.xcassets in Resources */ = {isa = PBXBuildFile; fileRef = 8414731D1D521426002F313A /* Assets.xcassets */; };
		841473211D521426002F313A /* LaunchScreen.storyboard in Resources */ = {isa = PBXBuildFile; fileRef = 8414731F1D521426002F313A /* LaunchScreen.storyboard */; };
		8414732C1D521426002F313A /* CalculatorTests.swift in Sources */ = {isa = PBXBuildFile; fileRef = 8414732B1D521426002F313A /* CalculatorTests.swift */; };
		841473371D521426002F313A /* CalculatorUITests.swift in Sources */ = {isa = PBXBuildFile; fileRef = 841473361D521426002F313A /* CalculatorUITests.swift */; };
		84CDADBB1D58B9BA00F51F4A /* StyledLabel.swift in Sources */ = {isa = PBXBuildFile; fileRef = 84CDADBA1D58B9BA00F51F4A /* StyledLabel.swift */; };
/* End PBXBuildFile section */

/* Begin PBXContainerItemProxy section */
		841473281D521426002F313A /* PBXContainerItemProxy */ = {
			isa = PBXContainerItemProxy;
			containerPortal = 8414730B1D521426002F313A /* Project object */;
			proxyType = 1;
			remoteGlobalIDString = 841473121D521426002F313A;
			remoteInfo = Calculator;
		};
		841473331D521426002F313A /* PBXContainerItemProxy */ = {
			isa = PBXContainerItemProxy;
			containerPortal = 8414730B1D521426002F313A /* Project object */;
			proxyType = 1;
			remoteGlobalIDString = 841473121D521426002F313A;
			remoteInfo = Calculator;
		};
/* End PBXContainerItemProxy section */

/* Begin PBXFileReference section */
		841473131D521426002F313A /* Calculator.app */ = {isa = PBXFileReference; explicitFileType = wrapper.application; includeInIndex = 0; path = Calculator.app; sourceTree = BUILT_PRODUCTS_DIR; };
		841473161D521426002F313A /* AppDelegate.swift */ = {isa = PBXFileReference; lastKnownFileType = sourcecode.swift; path = AppDelegate.swift; sourceTree = "<group>"; };
		841473181D521426002F313A /* ViewController.swift */ = {isa = PBXFileReference; lastKnownFileType = sourcecode.swift; path = ViewController.swift; sourceTree = "<group>"; };
		8414731B1D521426002F313A /* Base */ = {isa = PBXFileReference; lastKnownFileType = file.storyboard; name = Base; path = Base.lproj/Main.storyboard; sourceTree = "<group>"; };
		8414731D1D521426002F313A /* Assets.xcassets */ = {isa = PBXFileReference; lastKnownFileType = folder.assetcatalog; path = Assets.xcassets; sourceTree = "<group>"; };
		841473201D521426002F313A /* Base */ = {isa = PBXFileReference; lastKnownFileType = file.storyboard; name = Base; path = Base.lproj/LaunchScreen.storyboard; sourceTree = "<group>"; };
		841473221D521426002F313A /* Info.plist */ = {isa = PBXFileReference; lastKnownFileType = text.plist.xml; path = Info.plist; sourceTree = "<group>"; };
		841473271D521426002F313A /* CalculatorTests.xctest */ = {isa = PBXFileReference; explicitFileType = wrapper.cfbundle; includeInIndex = 0; path = CalculatorTests.xctest; sourceTree = BUILT_PRODUCTS_DIR; };
		8414732B1D521426002F313A /* CalculatorTests.swift */ = {isa = PBXFileReference; lastKnownFileType = sourcecode.swift; path = CalculatorTests.swift; sourceTree = "<group>"; };
		8414732D1D521426002F313A /* Info.plist */ = {isa = PBXFileReference; lastKnownFileType = text.plist.xml; path = Info.plist; sourceTree = "<group>"; };
		841473321D521426002F313A /* CalculatorUITests.xctest */ = {isa = PBXFileReference; explicitFileType = wrapper.cfbundle; includeInIndex = 0; path = CalculatorUITests.xctest; sourceTree = BUILT_PRODUCTS_DIR; };
		841473361D521426002F313A /* CalculatorUITests.swift */ = {isa = PBXFileReference; lastKnownFileType = sourcecode.swift; path = CalculatorUITests.swift; sourceTree = "<group>"; };
		841473381D521426002F313A /* Info.plist */ = {isa = PBXFileReference; lastKnownFileType = text.plist.xml; path = Info.plist; sourceTree = "<group>"; };
		84CDADBA1D58B9BA00F51F4A /* StyledLabel.swift */ = {isa = PBXFileReference; fileEncoding = 4; lastKnownFileType = sourcecode.swift; name = StyledLabel.swift; path = ../StyledLabel.swift; sourceTree = "<group>"; };
/* End PBXFileReference section */

/* Begin PBXFrameworksBuildPhase section */
		841473101D521426002F313A /* Frameworks */ = {
			isa = PBXFrameworksBuildPhase;
			buildActionMask = 2147483647;
			files = (
			);
			runOnlyForDeploymentPostprocessing = 0;
		};
		841473241D521426002F313A /* Frameworks */ = {
			isa = PBXFrameworksBuildPhase;
			buildActionMask = 2147483647;
			files = (
			);
			runOnlyForDeploymentPostprocessing = 0;
		};
		8414732F1D521426002F313A /* Frameworks */ = {
			isa = PBXFrameworksBuildPhase;
			buildActionMask = 2147483647;
			files = (
			);
			runOnlyForDeploymentPostprocessing = 0;
		};
/* End PBXFrameworksBuildPhase section */

/* Begin PBXGroup section */
		8414730A1D521426002F313A = {
			isa = PBXGroup;
			children = (
				841473151D521426002F313A /* Calculator */,
				8414732A1D521426002F313A /* CalculatorTests */,
				841473351D521426002F313A /* CalculatorUITests */,
				841473141D521426002F313A /* Products */,
			);
			sourceTree = "<group>";
		};
		841473141D521426002F313A /* Products */ = {
			isa = PBXGroup;
			children = (
				841473131D521426002F313A /* Calculator.app */,
				841473271D521426002F313A /* CalculatorTests.xctest */,
				841473321D521426002F313A /* CalculatorUITests.xctest */,
			);
			name = Products;
			sourceTree = "<group>";
		};
		841473151D521426002F313A /* Calculator */ = {
			isa = PBXGroup;
			children = (
				84CDADBA1D58B9BA00F51F4A /* StyledLabel.swift */,
				841473161D521426002F313A /* AppDelegate.swift */,
				841473181D521426002F313A /* ViewController.swift */,
				8414731A1D521426002F313A /* Main.storyboard */,
				8414731D1D521426002F313A /* Assets.xcassets */,
				8414731F1D521426002F313A /* LaunchScreen.storyboard */,
				841473221D521426002F313A /* Info.plist */,
			);
			path = Calculator;
			sourceTree = "<group>";
		};
		8414732A1D521426002F313A /* CalculatorTests */ = {
			isa = PBXGroup;
			children = (
				8414732B1D521426002F313A /* CalculatorTests.swift */,
				8414732D1D521426002F313A /* Info.plist */,
			);
			path = CalculatorTests;
			sourceTree = "<group>";
		};
		841473351D521426002F313A /* CalculatorUITests */ = {
			isa = PBXGroup;
			children = (
				841473361D521426002F313A /* CalculatorUITests.swift */,
				841473381D521426002F313A /* Info.plist */,
			);
			path = CalculatorUITests;
			sourceTree = "<group>";
		};
/* End PBXGroup section */

/* Begin PBXNativeTarget section */
		841473121D521426002F313A /* Calculator */ = {
			isa = PBXNativeTarget;
			buildConfigurationList = 8414733B1D521426002F313A /* Build configuration list for PBXNativeTarget "Calculator" */;
			buildPhases = (
				8414730F1D521426002F313A /* Sources */,
				841473101D521426002F313A /* Frameworks */,
				841473111D521426002F313A /* Resources */,
			);
			buildRules = (
			);
			dependencies = (
			);
			name = Calculator;
			productName = Calculator;
			productReference = 841473131D521426002F313A /* Calculator.app */;
			productType = "com.apple.product-type.application";
		};
		841473261D521426002F313A /* CalculatorTests */ = {
			isa = PBXNativeTarget;
			buildConfigurationList = 8414733E1D521426002F313A /* Build configuration list for PBXNativeTarget "CalculatorTests" */;
			buildPhases = (
				841473231D521426002F313A /* Sources */,
				841473241D521426002F313A /* Frameworks */,
				841473251D521426002F313A /* Resources */,
			);
			buildRules = (
			);
			dependencies = (
				841473291D521426002F313A /* PBXTargetDependency */,
			);
			name = CalculatorTests;
			productName = CalculatorTests;
			productReference = 841473271D521426002F313A /* CalculatorTests.xctest */;
			productType = "com.apple.product-type.bundle.unit-test";
		};
		841473311D521426002F313A /* CalculatorUITests */ = {
			isa = PBXNativeTarget;
			buildConfigurationList = 841473411D521426002F313A /* Build configuration list for PBXNativeTarget "CalculatorUITests" */;
			buildPhases = (
				8414732E1D521426002F313A /* Sources */,
				8414732F1D521426002F313A /* Frameworks */,
				841473301D521426002F313A /* Resources */,
			);
			buildRules = (
			);
			dependencies = (
				841473341D521426002F313A /* PBXTargetDependency */,
			);
			name = CalculatorUITests;
			productName = CalculatorUITests;
			productReference = 841473321D521426002F313A /* CalculatorUITests.xctest */;
			productType = "com.apple.product-type.bundle.ui-testing";
		};
/* End PBXNativeTarget section */

/* Begin PBXProject section */
		8414730B1D521426002F313A /* Project object */ = {
			isa = PBXProject;
			attributes = {
				LastSwiftUpdateCheck = 0730;
				LastUpgradeCheck = 0730;
				ORGANIZATIONNAME = Yohoho;
				TargetAttributes = {
					841473121D521426002F313A = {
						CreatedOnToolsVersion = 7.3.1;
					};
					841473261D521426002F313A = {
						CreatedOnToolsVersion = 7.3.1;
						TestTargetID = 841473121D521426002F313A;
					};
					841473311D521426002F313A = {
						CreatedOnToolsVersion = 7.3.1;
						TestTargetID = 841473121D521426002F313A;
					};
				};
			};
			buildConfigurationList = 8414730E1D521426002F313A /* Build configuration list for PBXProject "Calculator" */;
			compatibilityVersion = "Xcode 3.2";
			developmentRegion = English;
			hasScannedForEncodings = 0;
			knownRegions = (
				en,
				Base,
			);
			mainGroup = 8414730A1D521426002F313A;
			productRefGroup = 841473141D521426002F313A /* Products */;
			projectDirPath = "";
			projectRoot = "";
			targets = (
				841473121D521426002F313A /* Calculator */,
				841473261D521426002F313A /* CalculatorTests */,
				841473311D521426002F313A /* CalculatorUITests */,
			);
		};
/* End PBXProject section */

/* Begin PBXResourcesBuildPhase section */
		841473111D521426002F313A /* Resources */ = {
			isa = PBXResourcesBuildPhase;
			buildActionMask = 2147483647;
			files = (
				841473211D521426002F313A /* LaunchScreen.storyboard in Resources */,
				8414731E1D521426002F313A /* Assets.xcassets in Resources */,
				8414731C1D521426002F313A /* Main.storyboard in Resources */,
			);
			runOnlyForDeploymentPostprocessing = 0;
		};
		841473251D521426002F313A /* Resources */ = {
			isa = PBXResourcesBuildPhase;
			buildActionMask = 2147483647;
			files = (
			);
			runOnlyForDeploymentPostprocessing = 0;
		};
		841473301D521426002F313A /* Resources */ = {
			isa = PBXResourcesBuildPhase;
			buildActionMask = 2147483647;
			files = (
			);
			runOnlyForDeploymentPostprocessing = 0;
		};
/* End PBXResourcesBuildPhase section */

/* Begin PBXSourcesBuildPhase section */
		8414730F1D521426002F313A /* Sources */ = {
			isa = PBXSourcesBuildPhase;
			buildActionMask = 2147483647;
			files = (
				841473191D521426002F313A /* ViewController.swift in Sources */,
				84CDADBB1D58B9BA00F51F4A /* StyledLabel.swift in Sources */,
				841473171D521426002F313A /* AppDelegate.swift in Sources */,
			);
			runOnlyForDeploymentPostprocessing = 0;
		};
		841473231D521426002F313A /* Sources */ = {
			isa = PBXSourcesBuildPhase;
			buildActionMask = 2147483647;
			files = (
				8414732C1D521426002F313A /* CalculatorTests.swift in Sources */,
			);
			runOnlyForDeploymentPostprocessing = 0;
		};
		8414732E1D521426002F313A /* Sources */ = {
			isa = PBXSourcesBuildPhase;
			buildActionMask = 2147483647;
			files = (
				841473371D521426002F313A /* CalculatorUITests.swift in Sources */,
			);
			runOnlyForDeploymentPostprocessing = 0;
		};
/* End PBXSourcesBuildPhase section */

/* Begin PBXTargetDependency section */
		841473291D521426002F313A /* PBXTargetDependency */ = {
			isa = PBXTargetDependency;
			target = 841473121D521426002F313A /* Calculator */;
			targetProxy = 841473281D521426002F313A /* PBXContainerItemProxy */;
		};
		841473341D521426002F313A /* PBXTargetDependency */ = {
			isa = PBXTargetDependency;
			target = 841473121D521426002F313A /* Calculator */;
			targetProxy = 841473331D521426002F313A /* PBXContainerItemProxy */;
		};
/* End PBXTargetDependency section */

/* Begin PBXVariantGroup section */
		8414731A1D521426002F313A /* Main.storyboard */ = {
			isa = PBXVariantGroup;
			children = (
				8414731B1D521426002F313A /* Base */,
			);
			name = Main.storyboard;
			sourceTree = "<group>";
		};
		8414731F1D521426002F313A /* LaunchScreen.storyboard */ = {
			isa = PBXVariantGroup;
			children = (
				841473201D521426002F313A /* Base */,
			);
			name = LaunchScreen.storyboard;
			sourceTree = "<group>";
		};
/* End PBXVariantGroup section */

/* Begin XCBuildConfiguration section */
		841473391D521426002F313A /* Debug */ = {
			isa = XCBuildConfiguration;
			buildSettings = {
				ALWAYS_SEARCH_USER_PATHS = NO;
				CLANG_ANALYZER_NONNULL = YES;
				CLANG_CXX_LANGUAGE_STANDARD = "gnu++0x";
				CLANG_CXX_LIBRARY = "libc++";
				CLANG_ENABLE_MODULES = YES;
				CLANG_ENABLE_OBJC_ARC = YES;
				CLANG_WARN_BOOL_CONVERSION = YES;
				CLANG_WARN_CONSTANT_CONVERSION = YES;
				CLANG_WARN_DIRECT_OBJC_ISA_USAGE = YES_ERROR;
				CLANG_WARN_EMPTY_BODY = YES;
				CLANG_WARN_ENUM_CONVERSION = YES;
				CLANG_WARN_INT_CONVERSION = YES;
				CLANG_WARN_OBJC_ROOT_CLASS = YES_ERROR;
				CLANG_WARN_UNREACHABLE_CODE = YES;
				CLANG_WARN__DUPLICATE_METHOD_MATCH = YES;
				"CODE_SIGN_IDENTITY[sdk=iphoneos*]" = "iPhone Developer";
				COPY_PHASE_STRIP = NO;
				DEBUG_INFORMATION_FORMAT = dwarf;
				ENABLE_STRICT_OBJC_MSGSEND = YES;
				ENABLE_TESTABILITY = YES;
				GCC_C_LANGUAGE_STANDARD = gnu99;
				GCC_DYNAMIC_NO_PIC = NO;
				GCC_NO_COMMON_BLOCKS = YES;
				GCC_OPTIMIZATION_LEVEL = 0;
				GCC_PREPROCESSOR_DEFINITIONS = (
					"DEBUG=1",
					"$(inherited)",
				);
				GCC_WARN_64_TO_32_BIT_CONVERSION = YES;
				GCC_WARN_ABOUT_RETURN_TYPE = YES_ERROR;
				GCC_WARN_UNDECLARED_SELECTOR = YES;
				GCC_WARN_UNINITIALIZED_AUTOS = YES_AGGRESSIVE;
				GCC_WARN_UNUSED_FUNCTION = YES;
				GCC_WARN_UNUSED_VARIABLE = YES;
				IPHONEOS_DEPLOYMENT_TARGET = 9.3;
				MTL_ENABLE_DEBUG_INFO = YES;
				ONLY_ACTIVE_ARCH = YES;
				SDKROOT = iphoneos;
				SWIFT_OPTIMIZATION_LEVEL = "-Onone";
				TARGETED_DEVICE_FAMILY = "1,2";
			};
			name = Debug;
		};
		8414733A1D521426002F313A /* Release */ = {
			isa = XCBuildConfiguration;
			buildSettings = {
				ALWAYS_SEARCH_USER_PATHS = NO;
				CLANG_ANALYZER_NONNULL = YES;
				CLANG_CXX_LANGUAGE_STANDARD = "gnu++0x";
				CLANG_CXX_LIBRARY = "libc++";
				CLANG_ENABLE_MODULES = YES;
				CLANG_ENABLE_OBJC_ARC = YES;
				CLANG_WARN_BOOL_CONVERSION = YES;
				CLANG_WARN_CONSTANT_CONVERSION = YES;
				CLANG_WARN_DIRECT_OBJC_ISA_USAGE = YES_ERROR;
				CLANG_WARN_EMPTY_BODY = YES;
				CLANG_WARN_ENUM_CONVERSION = YES;
				CLANG_WARN_INT_CONVERSION = YES;
				CLANG_WARN_OBJC_ROOT_CLASS = YES_ERROR;
				CLANG_WARN_UNREACHABLE_CODE = YES;
				CLANG_WARN__DUPLICATE_METHOD_MATCH = YES;
				"CODE_SIGN_IDENTITY[sdk=iphoneos*]" = "iPhone Developer";
				COPY_PHASE_STRIP = NO;
				DEBUG_INFORMATION_FORMAT = "dwarf-with-dsym";
				ENABLE_NS_ASSERTIONS = NO;
				ENABLE_STRICT_OBJC_MSGSEND = YES;
				GCC_C_LANGUAGE_STANDARD = gnu99;
				GCC_NO_COMMON_BLOCKS = YES;
				GCC_WARN_64_TO_32_BIT_CONVERSION = YES;
				GCC_WARN_ABOUT_RETURN_TYPE = YES_ERROR;
				GCC_WARN_UNDECLARED_SELECTOR = YES;
				GCC_WARN_UNINITIALIZED_AUTOS = YES_AGGRESSIVE;
				GCC_WARN_UNUSED_FUNCTION = YES;
				GCC_WARN_UNUSED_VARIABLE = YES;
				IPHONEOS_DEPLOYMENT_TARGET = 9.3;
				MTL_ENABLE_DEBUG_INFO = NO;
				SDKROOT = iphoneos;
				TARGETED_DEVICE_FAMILY = "1,2";
				VALIDATE_PRODUCT = YES;
			};
			name = Release;
		};
		8414733C1D521426002F313A /* Debug */ = {
			isa = XCBuildConfiguration;
			buildSettings = {
				ASSETCATALOG_COMPILER_APPICON_NAME = AppIcon;
				INFOPLIST_FILE = Calculator/Info.plist;
				LD_RUNPATH_SEARCH_PATHS = "$(inherited) @executable_path/Frameworks";
				PRODUCT_BUNDLE_IDENTIFIER = Yohoho.Calculator;
				PRODUCT_NAME = "$(TARGET_NAME)";
			};
			name = Debug;
		};
		8414733D1D521426002F313A /* Release */ = {
			isa = XCBuildConfiguration;
			buildSettings = {
				ASSETCATALOG_COMPILER_APPICON_NAME = AppIcon;
				INFOPLIST_FILE = Calculator/Info.plist;
				LD_RUNPATH_SEARCH_PATHS = "$(inherited) @executable_path/Frameworks";
				PRODUCT_BUNDLE_IDENTIFIER = Yohoho.Calculator;
				PRODUCT_NAME = "$(TARGET_NAME)";
			};
			name = Release;
		};
		8414733F1D521426002F313A /* Debug */ = {
			isa = XCBuildConfiguration;
			buildSettings = {
				BUNDLE_LOADER = "$(TEST_HOST)";
				INFOPLIST_FILE = CalculatorTests/Info.plist;
				LD_RUNPATH_SEARCH_PATHS = "$(inherited) @executable_path/Frameworks @loader_path/Frameworks";
				PRODUCT_BUNDLE_IDENTIFIER = Yohoho.CalculatorTests;
				PRODUCT_NAME = "$(TARGET_NAME)";
				TEST_HOST = "$(BUILT_PRODUCTS_DIR)/Calculator.app/Calculator";
			};
			name = Debug;
		};
		841473401D521426002F313A /* Release */ = {
			isa = XCBuildConfiguration;
			buildSettings = {
				BUNDLE_LOADER = "$(TEST_HOST)";
				INFOPLIST_FILE = CalculatorTests/Info.plist;
				LD_RUNPATH_SEARCH_PATHS = "$(inherited) @executable_path/Frameworks @loader_path/Frameworks";
				PRODUCT_BUNDLE_IDENTIFIER = Yohoho.CalculatorTests;
				PRODUCT_NAME = "$(TARGET_NAME)";
				TEST_HOST = "$(BUILT_PRODUCTS_DIR)/Calculator.app/Calculator";
			};
			name = Release;
		};
		841473421D521426002F313A /* Debug */ = {
			isa = XCBuildConfiguration;
			buildSettings = {
				INFOPLIST_FILE = CalculatorUITests/Info.plist;
				LD_RUNPATH_SEARCH_PATHS = "$(inherited) @executable_path/Frameworks @loader_path/Frameworks";
				PRODUCT_BUNDLE_IDENTIFIER = Yohoho.CalculatorUITests;
				PRODUCT_NAME = "$(TARGET_NAME)";
				TEST_TARGET_NAME = Calculator;
			};
			name = Debug;
		};
		841473431D521426002F313A /* Release */ = {
			isa = XCBuildConfiguration;
			buildSettings = {
				INFOPLIST_FILE = CalculatorUITests/Info.plist;
				LD_RUNPATH_SEARCH_PATHS = "$(inherited) @executable_path/Frameworks @loader_path/Frameworks";
				PRODUCT_BUNDLE_IDENTIFIER = Yohoho.CalculatorUITests;
				PRODUCT_NAME = "$(TARGET_NAME)";
				TEST_TARGET_NAME = Calculator;
			};
			name = Release;
		};
/* End XCBuildConfiguration section */

/* Begin XCConfigurationList section */
		8414730E1D521426002F313A /* Build configuration list for PBXProject "Calculator" */ = {
			isa = XCConfigurationList;
			buildConfigurations = (
				841473391D521426002F313A /* Debug */,
				8414733A1D521426002F313A /* Release */,
			);
			defaultConfigurationIsVisible = 0;
			defaultConfigurationName = Release;
		};
		8414733B1D521426002F313A /* Build configuration list for PBXNativeTarget "Calculator" */ = {
			isa = XCConfigurationList;
			buildConfigurations = (
				8414733C1D521426002F313A /* Debug */,
				8414733D1D521426002F313A /* Release */,
			);
			defaultConfigurationIsVisible = 0;
			defaultConfigurationName = Release;
		};
		8414733E1D521426002F313A /* Build configuration list for PBXNativeTarget "CalculatorTests" */ = {
			isa = XCConfigurationList;
			buildConfigurations = (
				8414733F1D521426002F313A /* Debug */,
				841473401D521426002F313A /* Release */,
			);
			defaultConfigurationIsVisible = 0;
			defaultConfigurationName = Release;
		};
		841473411D521426002F313A /* Build configuration list for PBXNativeTarget "CalculatorUITests" */ = {
			isa = XCConfigurationList;
			buildConfigurations = (
				841473421D521426002F313A /* Debug */,
				841473431D521426002F313A /* Release */,
			);
			defaultConfigurationIsVisible = 0;
			defaultConfigurationName = Release;
		};
/* End XCConfigurationList section */
	};
	rootObject = 8414730B1D521426002F313A /* Project object */;
}
